// !$*UTF8*$!
{
	archiveVersion = 1;
	classes = {
	};
	objectVersion = 55;
	objects = {

/* Begin PBXBuildFile section */
		A50CB3ED27EC96AE008FB2C5 /* TabViewPracticeApp.swift in Sources */ = {isa = PBXBuildFile; fileRef = A50CB3EC27EC96AE008FB2C5 /* TabViewPracticeApp.swift */; };
		A50CB3EF27EC96AE008FB2C5 /* TabViewPractice.swift in Sources */ = {isa = PBXBuildFile; fileRef = A50CB3EE27EC96AE008FB2C5 /* TabViewPractice.swift */; };
		A50CB3F127EC96AF008FB2C5 /* Assets.xcassets in Resources */ = {isa = PBXBuildFile; fileRef = A50CB3F027EC96AE008FB2C5 /* Assets.xcassets */; };
		A50CB3F427EC96AF008FB2C5 /* Preview Assets.xcassets in Resources */ = {isa = PBXBuildFile; fileRef = A50CB3F327EC96AF008FB2C5 /* Preview Assets.xcassets */; };
		A50CB3FF27EC9DCD008FB2C5 /* ContainerPracticeApp.swift in Sources */ = {isa = PBXBuildFile; fileRef = A50CB3FE27EC9DCD008FB2C5 /* ContainerPracticeApp.swift */; };
		A50CB40127EC9DCD008FB2C5 /* LazyVGridPracticeView.swift in Sources */ = {isa = PBXBuildFile; fileRef = A50CB40027EC9DCD008FB2C5 /* LazyVGridPracticeView.swift */; };
		A50CB40327EC9DCE008FB2C5 /* Assets.xcassets in Resources */ = {isa = PBXBuildFile; fileRef = A50CB40227EC9DCE008FB2C5 /* Assets.xcassets */; };
		A50CB40627EC9DCE008FB2C5 /* Preview Assets.xcassets in Resources */ = {isa = PBXBuildFile; fileRef = A50CB40527EC9DCE008FB2C5 /* Preview Assets.xcassets */; };
		A5357DD027EAF1A20076D070 /* SwiftUI_PracticeApp.swift in Sources */ = {isa = PBXBuildFile; fileRef = A5357DCF27EAF1A20076D070 /* SwiftUI_PracticeApp.swift */; };
		A5357DD227EAF1A20076D070 /* ContentView.swift in Sources */ = {isa = PBXBuildFile; fileRef = A5357DD127EAF1A20076D070 /* ContentView.swift */; };
		A5357DD427EAF1A20076D070 /* Assets.xcassets in Resources */ = {isa = PBXBuildFile; fileRef = A5357DD327EAF1A20076D070 /* Assets.xcassets */; };
		A5357DD727EAF1A20076D070 /* Preview Assets.xcassets in Resources */ = {isa = PBXBuildFile; fileRef = A5357DD627EAF1A20076D070 /* Preview Assets.xcassets */; };
		A5357E0027EAF1D50076D070 /* LifeCyclePracticeApp.swift in Sources */ = {isa = PBXBuildFile; fileRef = A5357DFF27EAF1D50076D070 /* LifeCyclePracticeApp.swift */; };
		A5357E0227EAF1D50076D070 /* FirstView.swift in Sources */ = {isa = PBXBuildFile; fileRef = A5357E0127EAF1D50076D070 /* FirstView.swift */; };
		A5357E2827EAF2340076D070 /* SecondView.swift in Sources */ = {isa = PBXBuildFile; fileRef = A5357E2727EAF2340076D070 /* SecondView.swift */; };
		A57BB83227EAF37200C0046D /* Preview Assets.xcassets in Resources */ = {isa = PBXBuildFile; fileRef = A57BB83127EAF37200C0046D /* Preview Assets.xcassets */; };
		A57BB83527EAF39900C0046D /* Assets.xcassets in Resources */ = {isa = PBXBuildFile; fileRef = A57BB83427EAF39900C0046D /* Assets.xcassets */; };
		A57BB83D27EAF61800C0046D /* LazyStackPracticeApp.swift in Sources */ = {isa = PBXBuildFile; fileRef = A57BB83C27EAF61800C0046D /* LazyStackPracticeApp.swift */; };
		A57BB83F27EAF61800C0046D /* LazyStackPracticeView.swift in Sources */ = {isa = PBXBuildFile; fileRef = A57BB83E27EAF61800C0046D /* LazyStackPracticeView.swift */; };
		A57BB84127EAF61900C0046D /* Assets.xcassets in Resources */ = {isa = PBXBuildFile; fileRef = A57BB84027EAF61900C0046D /* Assets.xcassets */; };
		A57BB84427EAF61900C0046D /* Preview Assets.xcassets in Resources */ = {isa = PBXBuildFile; fileRef = A57BB84327EAF61900C0046D /* Preview Assets.xcassets */; };
		A57BB84927EAFCE400C0046D /* ZStackPracticeView.swift in Sources */ = {isa = PBXBuildFile; fileRef = A57BB84827EAFCE400C0046D /* ZStackPracticeView.swift */; };
		A57BB84B27EB01E200C0046D /* OverlayPracticeView.swift in Sources */ = {isa = PBXBuildFile; fileRef = A57BB84A27EB01E200C0046D /* OverlayPracticeView.swift */; };
		A57BB85327EB08CE00C0046D /* NavigationPracticeApp.swift in Sources */ = {isa = PBXBuildFile; fileRef = A57BB85227EB08CE00C0046D /* NavigationPracticeApp.swift */; };
		A57BB85527EB08CE00C0046D /* NavigationPracticeView.swift in Sources */ = {isa = PBXBuildFile; fileRef = A57BB85427EB08CE00C0046D /* NavigationPracticeView.swift */; };
		A57BB85727EB08CE00C0046D /* Assets.xcassets in Resources */ = {isa = PBXBuildFile; fileRef = A57BB85627EB08CE00C0046D /* Assets.xcassets */; };
		A57BB85A27EB08CE00C0046D /* Preview Assets.xcassets in Resources */ = {isa = PBXBuildFile; fileRef = A57BB85927EB08CE00C0046D /* Preview Assets.xcassets */; };
		A57BB85F27EB0BB200C0046D /* NavigationDestinationView.swift in Sources */ = {isa = PBXBuildFile; fileRef = A57BB85E27EB0BB200C0046D /* NavigationDestinationView.swift */; };
		A5AD836527ECA79100B88CE6 /* ContainerPracticeView.swift in Sources */ = {isa = PBXBuildFile; fileRef = A5AD836427ECA79100B88CE6 /* ContainerPracticeView.swift */; };
		A5AD836727ECA7F200B88CE6 /* LazyHGridPracticeView.swift in Sources */ = {isa = PBXBuildFile; fileRef = A5AD836627ECA7F200B88CE6 /* LazyHGridPracticeView.swift */; };
		A5AD836927ECA8E700B88CE6 /* ContentViewModel.swift in Sources */ = {isa = PBXBuildFile; fileRef = A5AD836827ECA8E700B88CE6 /* ContentViewModel.swift */; };
		A5AD836D27ECBBFF00B88CE6 /* ForEachPracticeView.swift in Sources */ = {isa = PBXBuildFile; fileRef = A5AD836C27ECBBFF00B88CE6 /* ForEachPracticeView.swift */; };
		A5AD837027ECBF5000B88CE6 /* ListPracticeView.swift in Sources */ = {isa = PBXBuildFile; fileRef = A5AD836F27ECBF5000B88CE6 /* ListPracticeView.swift */; };
		A5AD837227ECC14B00B88CE6 /* ListPracticeDetailView.swift in Sources */ = {isa = PBXBuildFile; fileRef = A5AD837127ECC14B00B88CE6 /* ListPracticeDetailView.swift */; };
		A5AD837427ECC3E100B88CE6 /* HierarchyListPracticeView.swift in Sources */ = {isa = PBXBuildFile; fileRef = A5AD837327ECC3E100B88CE6 /* HierarchyListPracticeView.swift */; };
		A5AD837B27ECCF0200B88CE6 /* FormPracticeView.swift in Sources */ = {isa = PBXBuildFile; fileRef = A5AD837A27ECCF0200B88CE6 /* FormPracticeView.swift */; };
		A5EA1EDC27EB57A40007B0F1 /* AsyncAwaitPracticeApp.swift in Sources */ = {isa = PBXBuildFile; fileRef = A5EA1EDB27EB57A40007B0F1 /* AsyncAwaitPracticeApp.swift */; };
		A5EA1EDE27EB57A40007B0F1 /* AsyncAwaitPracticeView.swift in Sources */ = {isa = PBXBuildFile; fileRef = A5EA1EDD27EB57A40007B0F1 /* AsyncAwaitPracticeView.swift */; };
		A5EA1EE027EB57A40007B0F1 /* Assets.xcassets in Resources */ = {isa = PBXBuildFile; fileRef = A5EA1EDF27EB57A40007B0F1 /* Assets.xcassets */; };
		A5EA1EE327EB57A40007B0F1 /* Preview Assets.xcassets in Resources */ = {isa = PBXBuildFile; fileRef = A5EA1EE227EB57A40007B0F1 /* Preview Assets.xcassets */; };
		A5EA1EE827EB57FD0007B0F1 /* DataRepository.swift in Sources */ = {isa = PBXBuildFile; fileRef = A5EA1EE727EB57FD0007B0F1 /* DataRepository.swift */; };
		A5EA1EEA27EB598B0007B0F1 /* Todo.swift in Sources */ = {isa = PBXBuildFile; fileRef = A5EA1EE927EB598B0007B0F1 /* Todo.swift */; };
		A5EA1EEC27EB5B180007B0F1 /* TodoViewModel.swift in Sources */ = {isa = PBXBuildFile; fileRef = A5EA1EEB27EB5B180007B0F1 /* TodoViewModel.swift */; };
		A5EA1EEE27EB5D780007B0F1 /* TodoDetailView.swift in Sources */ = {isa = PBXBuildFile; fileRef = A5EA1EED27EB5D780007B0F1 /* TodoDetailView.swift */; };
/* End PBXBuildFile section */

/* Begin PBXFileReference section */
		A50CB3EA27EC96AE008FB2C5 /* TabViewPractice.app */ = {isa = PBXFileReference; explicitFileType = wrapper.application; includeInIndex = 0; path = TabViewPractice.app; sourceTree = BUILT_PRODUCTS_DIR; };
		A50CB3EC27EC96AE008FB2C5 /* TabViewPracticeApp.swift */ = {isa = PBXFileReference; lastKnownFileType = sourcecode.swift; path = TabViewPracticeApp.swift; sourceTree = "<group>"; };
		A50CB3EE27EC96AE008FB2C5 /* TabViewPractice.swift */ = {isa = PBXFileReference; lastKnownFileType = sourcecode.swift; path = TabViewPractice.swift; sourceTree = "<group>"; };
		A50CB3F027EC96AE008FB2C5 /* Assets.xcassets */ = {isa = PBXFileReference; lastKnownFileType = folder.assetcatalog; path = Assets.xcassets; sourceTree = "<group>"; };
		A50CB3F327EC96AF008FB2C5 /* Preview Assets.xcassets */ = {isa = PBXFileReference; lastKnownFileType = folder.assetcatalog; path = "Preview Assets.xcassets"; sourceTree = "<group>"; };
		A50CB3FC27EC9DCD008FB2C5 /* ContainerPractice.app */ = {isa = PBXFileReference; explicitFileType = wrapper.application; includeInIndex = 0; path = ContainerPractice.app; sourceTree = BUILT_PRODUCTS_DIR; };
		A50CB3FE27EC9DCD008FB2C5 /* ContainerPracticeApp.swift */ = {isa = PBXFileReference; lastKnownFileType = sourcecode.swift; path = ContainerPracticeApp.swift; sourceTree = "<group>"; };
		A50CB40027EC9DCD008FB2C5 /* LazyVGridPracticeView.swift */ = {isa = PBXFileReference; lastKnownFileType = sourcecode.swift; path = LazyVGridPracticeView.swift; sourceTree = "<group>"; };
		A50CB40227EC9DCE008FB2C5 /* Assets.xcassets */ = {isa = PBXFileReference; lastKnownFileType = folder.assetcatalog; path = Assets.xcassets; sourceTree = "<group>"; };
		A50CB40527EC9DCE008FB2C5 /* Preview Assets.xcassets */ = {isa = PBXFileReference; lastKnownFileType = folder.assetcatalog; path = "Preview Assets.xcassets"; sourceTree = "<group>"; };
		A5357DCC27EAF1A20076D070 /* SwiftUI Practice.app */ = {isa = PBXFileReference; explicitFileType = wrapper.application; includeInIndex = 0; path = "SwiftUI Practice.app"; sourceTree = BUILT_PRODUCTS_DIR; };
		A5357DCF27EAF1A20076D070 /* SwiftUI_PracticeApp.swift */ = {isa = PBXFileReference; lastKnownFileType = sourcecode.swift; path = SwiftUI_PracticeApp.swift; sourceTree = "<group>"; };
		A5357DD127EAF1A20076D070 /* ContentView.swift */ = {isa = PBXFileReference; lastKnownFileType = sourcecode.swift; path = ContentView.swift; sourceTree = "<group>"; };
		A5357DD327EAF1A20076D070 /* Assets.xcassets */ = {isa = PBXFileReference; lastKnownFileType = folder.assetcatalog; path = Assets.xcassets; sourceTree = "<group>"; };
		A5357DD627EAF1A20076D070 /* Preview Assets.xcassets */ = {isa = PBXFileReference; lastKnownFileType = folder.assetcatalog; path = "Preview Assets.xcassets"; sourceTree = "<group>"; };
		A5357DFD27EAF1D50076D070 /* LifeCyclePractice.app */ = {isa = PBXFileReference; explicitFileType = wrapper.application; includeInIndex = 0; path = LifeCyclePractice.app; sourceTree = BUILT_PRODUCTS_DIR; };
		A5357DFF27EAF1D50076D070 /* LifeCyclePracticeApp.swift */ = {isa = PBXFileReference; lastKnownFileType = sourcecode.swift; path = LifeCyclePracticeApp.swift; sourceTree = "<group>"; };
		A5357E0127EAF1D50076D070 /* FirstView.swift */ = {isa = PBXFileReference; lastKnownFileType = sourcecode.swift; path = FirstView.swift; sourceTree = "<group>"; };
		A5357E2727EAF2340076D070 /* SecondView.swift */ = {isa = PBXFileReference; lastKnownFileType = sourcecode.swift; path = SecondView.swift; sourceTree = "<group>"; };
		A57BB83127EAF37200C0046D /* Preview Assets.xcassets */ = {isa = PBXFileReference; lastKnownFileType = folder.assetcatalog; path = "Preview Assets.xcassets"; sourceTree = "<group>"; };
		A57BB83427EAF39900C0046D /* Assets.xcassets */ = {isa = PBXFileReference; lastKnownFileType = folder.assetcatalog; name = Assets.xcassets; path = ../../../../../Desktop/Assets.xcassets; sourceTree = "<group>"; };
		A57BB83A27EAF61800C0046D /* StackPractice.app */ = {isa = PBXFileReference; explicitFileType = wrapper.application; includeInIndex = 0; path = StackPractice.app; sourceTree = BUILT_PRODUCTS_DIR; };
		A57BB83C27EAF61800C0046D /* LazyStackPracticeApp.swift */ = {isa = PBXFileReference; lastKnownFileType = sourcecode.swift; path = LazyStackPracticeApp.swift; sourceTree = "<group>"; };
		A57BB83E27EAF61800C0046D /* LazyStackPracticeView.swift */ = {isa = PBXFileReference; lastKnownFileType = sourcecode.swift; path = LazyStackPracticeView.swift; sourceTree = "<group>"; };
		A57BB84027EAF61900C0046D /* Assets.xcassets */ = {isa = PBXFileReference; lastKnownFileType = folder.assetcatalog; path = Assets.xcassets; sourceTree = "<group>"; };
		A57BB84327EAF61900C0046D /* Preview Assets.xcassets */ = {isa = PBXFileReference; lastKnownFileType = folder.assetcatalog; path = "Preview Assets.xcassets"; sourceTree = "<group>"; };
		A57BB84827EAFCE400C0046D /* ZStackPracticeView.swift */ = {isa = PBXFileReference; lastKnownFileType = sourcecode.swift; path = ZStackPracticeView.swift; sourceTree = "<group>"; };
		A57BB84A27EB01E200C0046D /* OverlayPracticeView.swift */ = {isa = PBXFileReference; lastKnownFileType = sourcecode.swift; path = OverlayPracticeView.swift; sourceTree = "<group>"; };
		A57BB85027EB08CD00C0046D /* NavigationPractice.app */ = {isa = PBXFileReference; explicitFileType = wrapper.application; includeInIndex = 0; path = NavigationPractice.app; sourceTree = BUILT_PRODUCTS_DIR; };
		A57BB85227EB08CE00C0046D /* NavigationPracticeApp.swift */ = {isa = PBXFileReference; lastKnownFileType = sourcecode.swift; path = NavigationPracticeApp.swift; sourceTree = "<group>"; };
		A57BB85427EB08CE00C0046D /* NavigationPracticeView.swift */ = {isa = PBXFileReference; lastKnownFileType = sourcecode.swift; path = NavigationPracticeView.swift; sourceTree = "<group>"; };
		A57BB85627EB08CE00C0046D /* Assets.xcassets */ = {isa = PBXFileReference; lastKnownFileType = folder.assetcatalog; path = Assets.xcassets; sourceTree = "<group>"; };
		A57BB85927EB08CE00C0046D /* Preview Assets.xcassets */ = {isa = PBXFileReference; lastKnownFileType = folder.assetcatalog; path = "Preview Assets.xcassets"; sourceTree = "<group>"; };
		A57BB85E27EB0BB200C0046D /* NavigationDestinationView.swift */ = {isa = PBXFileReference; lastKnownFileType = sourcecode.swift; path = NavigationDestinationView.swift; sourceTree = "<group>"; };
		A5AD836427ECA79100B88CE6 /* ContainerPracticeView.swift */ = {isa = PBXFileReference; lastKnownFileType = sourcecode.swift; path = ContainerPracticeView.swift; sourceTree = "<group>"; };
		A5AD836627ECA7F200B88CE6 /* LazyHGridPracticeView.swift */ = {isa = PBXFileReference; lastKnownFileType = sourcecode.swift; path = LazyHGridPracticeView.swift; sourceTree = "<group>"; };
		A5AD836827ECA8E700B88CE6 /* ContentViewModel.swift */ = {isa = PBXFileReference; lastKnownFileType = sourcecode.swift; path = ContentViewModel.swift; sourceTree = "<group>"; };
		A5AD836C27ECBBFF00B88CE6 /* ForEachPracticeView.swift */ = {isa = PBXFileReference; lastKnownFileType = sourcecode.swift; path = ForEachPracticeView.swift; sourceTree = "<group>"; };
		A5AD836F27ECBF5000B88CE6 /* ListPracticeView.swift */ = {isa = PBXFileReference; lastKnownFileType = sourcecode.swift; path = ListPracticeView.swift; sourceTree = "<group>"; };
		A5AD837127ECC14B00B88CE6 /* ListPracticeDetailView.swift */ = {isa = PBXFileReference; lastKnownFileType = sourcecode.swift; path = ListPracticeDetailView.swift; sourceTree = "<group>"; };
		A5AD837327ECC3E100B88CE6 /* HierarchyListPracticeView.swift */ = {isa = PBXFileReference; lastKnownFileType = sourcecode.swift; path = HierarchyListPracticeView.swift; sourceTree = "<group>"; };
		A5AD837A27ECCF0200B88CE6 /* FormPracticeView.swift */ = {isa = PBXFileReference; lastKnownFileType = sourcecode.swift; path = FormPracticeView.swift; sourceTree = "<group>"; };
		A5EA1ED927EB57A40007B0F1 /* AsyncAwaitPractice.app */ = {isa = PBXFileReference; explicitFileType = wrapper.application; includeInIndex = 0; path = AsyncAwaitPractice.app; sourceTree = BUILT_PRODUCTS_DIR; };
		A5EA1EDB27EB57A40007B0F1 /* AsyncAwaitPracticeApp.swift */ = {isa = PBXFileReference; lastKnownFileType = sourcecode.swift; path = AsyncAwaitPracticeApp.swift; sourceTree = "<group>"; };
		A5EA1EDD27EB57A40007B0F1 /* AsyncAwaitPracticeView.swift */ = {isa = PBXFileReference; lastKnownFileType = sourcecode.swift; path = AsyncAwaitPracticeView.swift; sourceTree = "<group>"; };
		A5EA1EDF27EB57A40007B0F1 /* Assets.xcassets */ = {isa = PBXFileReference; lastKnownFileType = folder.assetcatalog; path = Assets.xcassets; sourceTree = "<group>"; };
		A5EA1EE227EB57A40007B0F1 /* Preview Assets.xcassets */ = {isa = PBXFileReference; lastKnownFileType = folder.assetcatalog; path = "Preview Assets.xcassets"; sourceTree = "<group>"; };
		A5EA1EE727EB57FD0007B0F1 /* DataRepository.swift */ = {isa = PBXFileReference; lastKnownFileType = sourcecode.swift; path = DataRepository.swift; sourceTree = "<group>"; };
		A5EA1EE927EB598B0007B0F1 /* Todo.swift */ = {isa = PBXFileReference; lastKnownFileType = sourcecode.swift; path = Todo.swift; sourceTree = "<group>"; };
		A5EA1EEB27EB5B180007B0F1 /* TodoViewModel.swift */ = {isa = PBXFileReference; lastKnownFileType = sourcecode.swift; path = TodoViewModel.swift; sourceTree = "<group>"; };
		A5EA1EED27EB5D780007B0F1 /* TodoDetailView.swift */ = {isa = PBXFileReference; lastKnownFileType = sourcecode.swift; path = TodoDetailView.swift; sourceTree = "<group>"; };
/* End PBXFileReference section */

/* Begin PBXFrameworksBuildPhase section */
		A50CB3E727EC96AE008FB2C5 /* Frameworks */ = {
			isa = PBXFrameworksBuildPhase;
			buildActionMask = 2147483647;
			files = (
			);
			runOnlyForDeploymentPostprocessing = 0;
		};
		A50CB3F927EC9DCD008FB2C5 /* Frameworks */ = {
			isa = PBXFrameworksBuildPhase;
			buildActionMask = 2147483647;
			files = (
			);
			runOnlyForDeploymentPostprocessing = 0;
		};
		A5357DC927EAF1A20076D070 /* Frameworks */ = {
			isa = PBXFrameworksBuildPhase;
			buildActionMask = 2147483647;
			files = (
			);
			runOnlyForDeploymentPostprocessing = 0;
		};
		A5357DFA27EAF1D50076D070 /* Frameworks */ = {
			isa = PBXFrameworksBuildPhase;
			buildActionMask = 2147483647;
			files = (
			);
			runOnlyForDeploymentPostprocessing = 0;
		};
		A57BB83727EAF61800C0046D /* Frameworks */ = {
			isa = PBXFrameworksBuildPhase;
			buildActionMask = 2147483647;
			files = (
			);
			runOnlyForDeploymentPostprocessing = 0;
		};
		A57BB84D27EB08CD00C0046D /* Frameworks */ = {
			isa = PBXFrameworksBuildPhase;
			buildActionMask = 2147483647;
			files = (
			);
			runOnlyForDeploymentPostprocessing = 0;
		};
		A5EA1ED627EB57A40007B0F1 /* Frameworks */ = {
			isa = PBXFrameworksBuildPhase;
			buildActionMask = 2147483647;
			files = (
			);
			runOnlyForDeploymentPostprocessing = 0;
		};
/* End PBXFrameworksBuildPhase section */

/* Begin PBXGroup section */
		A50CB3EB27EC96AE008FB2C5 /* TabViewPractice */ = {
			isa = PBXGroup;
			children = (
				A50CB3EC27EC96AE008FB2C5 /* TabViewPracticeApp.swift */,
				A50CB3EE27EC96AE008FB2C5 /* TabViewPractice.swift */,
				A50CB3F027EC96AE008FB2C5 /* Assets.xcassets */,
				A50CB3F227EC96AF008FB2C5 /* Preview Content */,
			);
			path = TabViewPractice;
			sourceTree = "<group>";
		};
		A50CB3F227EC96AF008FB2C5 /* Preview Content */ = {
			isa = PBXGroup;
			children = (
				A50CB3F327EC96AF008FB2C5 /* Preview Assets.xcassets */,
			);
			path = "Preview Content";
			sourceTree = "<group>";
		};
		A50CB3FD27EC9DCD008FB2C5 /* ContainerPractice */ = {
			isa = PBXGroup;
			children = (
				A50CB3FE27EC9DCD008FB2C5 /* ContainerPracticeApp.swift */,
				A5AD836427ECA79100B88CE6 /* ContainerPracticeView.swift */,
				A5AD836827ECA8E700B88CE6 /* ContentViewModel.swift */,
				A5AD836A27ECBAD200B88CE6 /* LazyGrid */,
				A5AD836B27ECBBE100B88CE6 /* ForEach */,
				A5AD836E27ECBF3C00B88CE6 /* List */,
				A5AD837527ECCB6900B88CE6 /* Form */,
				A50CB40227EC9DCE008FB2C5 /* Assets.xcassets */,
				A50CB40427EC9DCE008FB2C5 /* Preview Content */,
			);
			path = ContainerPractice;
			sourceTree = "<group>";
		};
		A50CB40427EC9DCE008FB2C5 /* Preview Content */ = {
			isa = PBXGroup;
			children = (
				A50CB40527EC9DCE008FB2C5 /* Preview Assets.xcassets */,
			);
			path = "Preview Content";
			sourceTree = "<group>";
		};
		A5357DC327EAF1A20076D070 = {
			isa = PBXGroup;
			children = (
				A5357DCE27EAF1A20076D070 /* SwiftUI Practice */,
				A5357DFE27EAF1D50076D070 /* LifeCyclePractice */,
				A57BB83B27EAF61800C0046D /* StackPractice */,
				A57BB85127EB08CE00C0046D /* NavigationPractice */,
				A5EA1EDA27EB57A40007B0F1 /* AsyncAwaitPractice */,
				A50CB3EB27EC96AE008FB2C5 /* TabViewPractice */,
				A50CB3FD27EC9DCD008FB2C5 /* ContainerPractice */,
				A5357DCD27EAF1A20076D070 /* Products */,
			);
			sourceTree = "<group>";
		};
		A5357DCD27EAF1A20076D070 /* Products */ = {
			isa = PBXGroup;
			children = (
				A5357DCC27EAF1A20076D070 /* SwiftUI Practice.app */,
				A5357DFD27EAF1D50076D070 /* LifeCyclePractice.app */,
				A57BB83A27EAF61800C0046D /* StackPractice.app */,
				A57BB85027EB08CD00C0046D /* NavigationPractice.app */,
				A5EA1ED927EB57A40007B0F1 /* AsyncAwaitPractice.app */,
				A50CB3EA27EC96AE008FB2C5 /* TabViewPractice.app */,
				A50CB3FC27EC9DCD008FB2C5 /* ContainerPractice.app */,
			);
			name = Products;
			sourceTree = "<group>";
		};
		A5357DCE27EAF1A20076D070 /* SwiftUI Practice */ = {
			isa = PBXGroup;
			children = (
				A5357DCF27EAF1A20076D070 /* SwiftUI_PracticeApp.swift */,
				A5357DD127EAF1A20076D070 /* ContentView.swift */,
				A5357DD327EAF1A20076D070 /* Assets.xcassets */,
				A5357DD527EAF1A20076D070 /* Preview Content */,
			);
			path = "SwiftUI Practice";
			sourceTree = "<group>";
		};
		A5357DD527EAF1A20076D070 /* Preview Content */ = {
			isa = PBXGroup;
			children = (
				A5357DD627EAF1A20076D070 /* Preview Assets.xcassets */,
			);
			path = "Preview Content";
			sourceTree = "<group>";
		};
		A5357DFE27EAF1D50076D070 /* LifeCyclePractice */ = {
			isa = PBXGroup;
			children = (
				A5357DFF27EAF1D50076D070 /* LifeCyclePracticeApp.swift */,
				A5357E0127EAF1D50076D070 /* FirstView.swift */,
				A5357E2727EAF2340076D070 /* SecondView.swift */,
				A57BB83427EAF39900C0046D /* Assets.xcassets */,
				A57BB83327EAF37600C0046D /* Preview Content */,
			);
			path = LifeCyclePractice;
			sourceTree = "<group>";
		};
		A57BB83327EAF37600C0046D /* Preview Content */ = {
			isa = PBXGroup;
			children = (
				A57BB83127EAF37200C0046D /* Preview Assets.xcassets */,
			);
			path = "Preview Content";
			sourceTree = "<group>";
		};
		A57BB83B27EAF61800C0046D /* StackPractice */ = {
			isa = PBXGroup;
			children = (
				A57BB83C27EAF61800C0046D /* LazyStackPracticeApp.swift */,
				A57BB83E27EAF61800C0046D /* LazyStackPracticeView.swift */,
				A57BB84827EAFCE400C0046D /* ZStackPracticeView.swift */,
				A57BB84A27EB01E200C0046D /* OverlayPracticeView.swift */,
				A57BB84027EAF61900C0046D /* Assets.xcassets */,
				A57BB84227EAF61900C0046D /* Preview Content */,
			);
			path = StackPractice;
			sourceTree = "<group>";
		};
		A57BB84227EAF61900C0046D /* Preview Content */ = {
			isa = PBXGroup;
			children = (
				A57BB84327EAF61900C0046D /* Preview Assets.xcassets */,
			);
			path = "Preview Content";
			sourceTree = "<group>";
		};
		A57BB85127EB08CE00C0046D /* NavigationPractice */ = {
			isa = PBXGroup;
			children = (
				A57BB85227EB08CE00C0046D /* NavigationPracticeApp.swift */,
				A57BB85E27EB0BB200C0046D /* NavigationDestinationView.swift */,
				A57BB85427EB08CE00C0046D /* NavigationPracticeView.swift */,
				A57BB85627EB08CE00C0046D /* Assets.xcassets */,
				A57BB85827EB08CE00C0046D /* Preview Content */,
			);
			path = NavigationPractice;
			sourceTree = "<group>";
		};
		A57BB85827EB08CE00C0046D /* Preview Content */ = {
			isa = PBXGroup;
			children = (
				A57BB85927EB08CE00C0046D /* Preview Assets.xcassets */,
			);
			path = "Preview Content";
			sourceTree = "<group>";
		};
		A5AD836A27ECBAD200B88CE6 /* LazyGrid */ = {
			isa = PBXGroup;
			children = (
				A50CB40027EC9DCD008FB2C5 /* LazyVGridPracticeView.swift */,
				A5AD836627ECA7F200B88CE6 /* LazyHGridPracticeView.swift */,
			);
			path = LazyGrid;
			sourceTree = "<group>";
		};
		A5AD836B27ECBBE100B88CE6 /* ForEach */ = {
			isa = PBXGroup;
			children = (
				A5AD836C27ECBBFF00B88CE6 /* ForEachPracticeView.swift */,
			);
			path = ForEach;
			sourceTree = "<group>";
		};
		A5AD836E27ECBF3C00B88CE6 /* List */ = {
			isa = PBXGroup;
			children = (
				A5AD836F27ECBF5000B88CE6 /* ListPracticeView.swift */,
				A5AD837127ECC14B00B88CE6 /* ListPracticeDetailView.swift */,
				A5AD837327ECC3E100B88CE6 /* HierarchyListPracticeView.swift */,
			);
			path = List;
			sourceTree = "<group>";
		};
		A5AD837527ECCB6900B88CE6 /* Form */ = {
			isa = PBXGroup;
			children = (
				A5AD837A27ECCF0200B88CE6 /* FormPracticeView.swift */,
			);
			path = Form;
			sourceTree = "<group>";
		};
		A5EA1EDA27EB57A40007B0F1 /* AsyncAwaitPractice */ = {
			isa = PBXGroup;
			children = (
				A5EA1EDB27EB57A40007B0F1 /* AsyncAwaitPracticeApp.swift */,
				A5EA1EDD27EB57A40007B0F1 /* AsyncAwaitPracticeView.swift */,
				A5EA1EED27EB5D780007B0F1 /* TodoDetailView.swift */,
				A5EA1EE727EB57FD0007B0F1 /* DataRepository.swift */,
				A5EA1EE927EB598B0007B0F1 /* Todo.swift */,
				A5EA1EEB27EB5B180007B0F1 /* TodoViewModel.swift */,
				A5EA1EDF27EB57A40007B0F1 /* Assets.xcassets */,
				A5EA1EE127EB57A40007B0F1 /* Preview Content */,
			);
			path = AsyncAwaitPractice;
			sourceTree = "<group>";
		};
		A5EA1EE127EB57A40007B0F1 /* Preview Content */ = {
			isa = PBXGroup;
			children = (
				A5EA1EE227EB57A40007B0F1 /* Preview Assets.xcassets */,
			);
			path = "Preview Content";
			sourceTree = "<group>";
		};
/* End PBXGroup section */

/* Begin PBXNativeTarget section */
		A50CB3E927EC96AE008FB2C5 /* TabViewPractice */ = {
			isa = PBXNativeTarget;
			buildConfigurationList = A50CB3F727EC96AF008FB2C5 /* Build configuration list for PBXNativeTarget "TabViewPractice" */;
			buildPhases = (
				A50CB3E627EC96AE008FB2C5 /* Sources */,
				A50CB3E727EC96AE008FB2C5 /* Frameworks */,
				A50CB3E827EC96AE008FB2C5 /* Resources */,
			);
			buildRules = (
			);
			dependencies = (
			);
			name = TabViewPractice;
			productName = TabViewPractice;
			productReference = A50CB3EA27EC96AE008FB2C5 /* TabViewPractice.app */;
			productType = "com.apple.product-type.application";
		};
		A50CB3FB27EC9DCD008FB2C5 /* ContainerPractice */ = {
			isa = PBXNativeTarget;
			buildConfigurationList = A50CB40727EC9DCE008FB2C5 /* Build configuration list for PBXNativeTarget "ContainerPractice" */;
			buildPhases = (
				A50CB3F827EC9DCD008FB2C5 /* Sources */,
				A50CB3F927EC9DCD008FB2C5 /* Frameworks */,
				A50CB3FA27EC9DCD008FB2C5 /* Resources */,
			);
			buildRules = (
			);
			dependencies = (
			);
			name = ContainerPractice;
			productName = ContainerPractice;
			productReference = A50CB3FC27EC9DCD008FB2C5 /* ContainerPractice.app */;
			productType = "com.apple.product-type.application";
		};
		A5357DCB27EAF1A20076D070 /* SwiftUI Practice */ = {
			isa = PBXNativeTarget;
			buildConfigurationList = A5357DF027EAF1A20076D070 /* Build configuration list for PBXNativeTarget "SwiftUI Practice" */;
			buildPhases = (
				A5357DC827EAF1A20076D070 /* Sources */,
				A5357DC927EAF1A20076D070 /* Frameworks */,
				A5357DCA27EAF1A20076D070 /* Resources */,
			);
			buildRules = (
			);
			dependencies = (
			);
			name = "SwiftUI Practice";
			productName = "SwiftUI Practice";
			productReference = A5357DCC27EAF1A20076D070 /* SwiftUI Practice.app */;
			productType = "com.apple.product-type.application";
		};
		A5357DFC27EAF1D50076D070 /* LifeCyclePractice */ = {
			isa = PBXNativeTarget;
			buildConfigurationList = A5357E1E27EAF1D60076D070 /* Build configuration list for PBXNativeTarget "LifeCyclePractice" */;
			buildPhases = (
				A5357DF927EAF1D50076D070 /* Sources */,
				A5357DFA27EAF1D50076D070 /* Frameworks */,
				A5357DFB27EAF1D50076D070 /* Resources */,
			);
			buildRules = (
			);
			dependencies = (
			);
			name = LifeCyclePractice;
			productName = LifeCyclePractice;
			productReference = A5357DFD27EAF1D50076D070 /* LifeCyclePractice.app */;
			productType = "com.apple.product-type.application";
		};
		A57BB83927EAF61800C0046D /* StackPractice */ = {
			isa = PBXNativeTarget;
			buildConfigurationList = A57BB84527EAF61900C0046D /* Build configuration list for PBXNativeTarget "StackPractice" */;
			buildPhases = (
				A57BB83627EAF61800C0046D /* Sources */,
				A57BB83727EAF61800C0046D /* Frameworks */,
				A57BB83827EAF61800C0046D /* Resources */,
			);
			buildRules = (
			);
			dependencies = (
			);
			name = StackPractice;
			productName = LazyStackPractice;
			productReference = A57BB83A27EAF61800C0046D /* StackPractice.app */;
			productType = "com.apple.product-type.application";
		};
		A57BB84F27EB08CD00C0046D /* NavigationPractice */ = {
			isa = PBXNativeTarget;
			buildConfigurationList = A57BB85B27EB08CE00C0046D /* Build configuration list for PBXNativeTarget "NavigationPractice" */;
			buildPhases = (
				A57BB84C27EB08CD00C0046D /* Sources */,
				A57BB84D27EB08CD00C0046D /* Frameworks */,
				A57BB84E27EB08CD00C0046D /* Resources */,
			);
			buildRules = (
			);
			dependencies = (
			);
			name = NavigationPractice;
			productName = NavigationPractice;
			productReference = A57BB85027EB08CD00C0046D /* NavigationPractice.app */;
			productType = "com.apple.product-type.application";
		};
		A5EA1ED827EB57A40007B0F1 /* AsyncAwaitPractice */ = {
			isa = PBXNativeTarget;
			buildConfigurationList = A5EA1EE627EB57A40007B0F1 /* Build configuration list for PBXNativeTarget "AsyncAwaitPractice" */;
			buildPhases = (
				A5EA1ED527EB57A40007B0F1 /* Sources */,
				A5EA1ED627EB57A40007B0F1 /* Frameworks */,
				A5EA1ED727EB57A40007B0F1 /* Resources */,
			);
			buildRules = (
			);
			dependencies = (
			);
			name = AsyncAwaitPractice;
			productName = AsyncAwaitPractice;
			productReference = A5EA1ED927EB57A40007B0F1 /* AsyncAwaitPractice.app */;
			productType = "com.apple.product-type.application";
		};
/* End PBXNativeTarget section */

/* Begin PBXProject section */
		A5357DC427EAF1A20076D070 /* Project object */ = {
			isa = PBXProject;
			attributes = {
				BuildIndependentTargetsInParallel = 1;
				LastSwiftUpdateCheck = 1320;
				LastUpgradeCheck = 1320;
				TargetAttributes = {
					A50CB3E927EC96AE008FB2C5 = {
						CreatedOnToolsVersion = 13.2.1;
					};
					A50CB3FB27EC9DCD008FB2C5 = {
						CreatedOnToolsVersion = 13.2.1;
					};
					A5357DCB27EAF1A20076D070 = {
						CreatedOnToolsVersion = 13.2.1;
					};
					A5357DFC27EAF1D50076D070 = {
						CreatedOnToolsVersion = 13.2.1;
					};
					A57BB83927EAF61800C0046D = {
						CreatedOnToolsVersion = 13.2.1;
					};
					A57BB84F27EB08CD00C0046D = {
						CreatedOnToolsVersion = 13.2.1;
					};
					A5EA1ED827EB57A40007B0F1 = {
						CreatedOnToolsVersion = 13.2.1;
					};
				};
			};
			buildConfigurationList = A5357DC727EAF1A20076D070 /* Build configuration list for PBXProject "SwiftUI Practice" */;
			compatibilityVersion = "Xcode 13.0";
			developmentRegion = en;
			hasScannedForEncodings = 0;
			knownRegions = (
				en,
				Base,
			);
			mainGroup = A5357DC327EAF1A20076D070;
			productRefGroup = A5357DCD27EAF1A20076D070 /* Products */;
			projectDirPath = "";
			projectRoot = "";
			targets = (
				A5357DCB27EAF1A20076D070 /* SwiftUI Practice */,
				A5357DFC27EAF1D50076D070 /* LifeCyclePractice */,
				A57BB83927EAF61800C0046D /* StackPractice */,
				A57BB84F27EB08CD00C0046D /* NavigationPractice */,
				A5EA1ED827EB57A40007B0F1 /* AsyncAwaitPractice */,
				A50CB3E927EC96AE008FB2C5 /* TabViewPractice */,
				A50CB3FB27EC9DCD008FB2C5 /* ContainerPractice */,
			);
		};
/* End PBXProject section */

/* Begin PBXResourcesBuildPhase section */
		A50CB3E827EC96AE008FB2C5 /* Resources */ = {
			isa = PBXResourcesBuildPhase;
			buildActionMask = 2147483647;
			files = (
				A50CB3F427EC96AF008FB2C5 /* Preview Assets.xcassets in Resources */,
				A50CB3F127EC96AF008FB2C5 /* Assets.xcassets in Resources */,
			);
			runOnlyForDeploymentPostprocessing = 0;
		};
		A50CB3FA27EC9DCD008FB2C5 /* Resources */ = {
			isa = PBXResourcesBuildPhase;
			buildActionMask = 2147483647;
			files = (
				A50CB40627EC9DCE008FB2C5 /* Preview Assets.xcassets in Resources */,
				A50CB40327EC9DCE008FB2C5 /* Assets.xcassets in Resources */,
			);
			runOnlyForDeploymentPostprocessing = 0;
		};
		A5357DCA27EAF1A20076D070 /* Resources */ = {
			isa = PBXResourcesBuildPhase;
			buildActionMask = 2147483647;
			files = (
				A5357DD727EAF1A20076D070 /* Preview Assets.xcassets in Resources */,
				A5357DD427EAF1A20076D070 /* Assets.xcassets in Resources */,
			);
			runOnlyForDeploymentPostprocessing = 0;
		};
		A5357DFB27EAF1D50076D070 /* Resources */ = {
			isa = PBXResourcesBuildPhase;
			buildActionMask = 2147483647;
			files = (
				A57BB83527EAF39900C0046D /* Assets.xcassets in Resources */,
				A57BB83227EAF37200C0046D /* Preview Assets.xcassets in Resources */,
			);
			runOnlyForDeploymentPostprocessing = 0;
		};
		A57BB83827EAF61800C0046D /* Resources */ = {
			isa = PBXResourcesBuildPhase;
			buildActionMask = 2147483647;
			files = (
				A57BB84427EAF61900C0046D /* Preview Assets.xcassets in Resources */,
				A57BB84127EAF61900C0046D /* Assets.xcassets in Resources */,
			);
			runOnlyForDeploymentPostprocessing = 0;
		};
		A57BB84E27EB08CD00C0046D /* Resources */ = {
			isa = PBXResourcesBuildPhase;
			buildActionMask = 2147483647;
			files = (
				A57BB85A27EB08CE00C0046D /* Preview Assets.xcassets in Resources */,
				A57BB85727EB08CE00C0046D /* Assets.xcassets in Resources */,
			);
			runOnlyForDeploymentPostprocessing = 0;
		};
		A5EA1ED727EB57A40007B0F1 /* Resources */ = {
			isa = PBXResourcesBuildPhase;
			buildActionMask = 2147483647;
			files = (
				A5EA1EE327EB57A40007B0F1 /* Preview Assets.xcassets in Resources */,
				A5EA1EE027EB57A40007B0F1 /* Assets.xcassets in Resources */,
			);
			runOnlyForDeploymentPostprocessing = 0;
		};
/* End PBXResourcesBuildPhase section */

/* Begin PBXSourcesBuildPhase section */
		A50CB3E627EC96AE008FB2C5 /* Sources */ = {
			isa = PBXSourcesBuildPhase;
			buildActionMask = 2147483647;
			files = (
				A50CB3EF27EC96AE008FB2C5 /* TabViewPractice.swift in Sources */,
				A50CB3ED27EC96AE008FB2C5 /* TabViewPracticeApp.swift in Sources */,
			);
			runOnlyForDeploymentPostprocessing = 0;
		};
		A50CB3F827EC9DCD008FB2C5 /* Sources */ = {
			isa = PBXSourcesBuildPhase;
			buildActionMask = 2147483647;
			files = (
				A50CB40127EC9DCD008FB2C5 /* LazyVGridPracticeView.swift in Sources */,
				A5AD836527ECA79100B88CE6 /* ContainerPracticeView.swift in Sources */,
				A5AD836D27ECBBFF00B88CE6 /* ForEachPracticeView.swift in Sources */,
				A5AD836727ECA7F200B88CE6 /* LazyHGridPracticeView.swift in Sources */,
				A5AD837B27ECCF0200B88CE6 /* FormPracticeView.swift in Sources */,
				A5AD837227ECC14B00B88CE6 /* ListPracticeDetailView.swift in Sources */,
				A50CB3FF27EC9DCD008FB2C5 /* ContainerPracticeApp.swift in Sources */,
				A5AD836927ECA8E700B88CE6 /* ContentViewModel.swift in Sources */,
				A5AD837027ECBF5000B88CE6 /* ListPracticeView.swift in Sources */,
				A5AD837427ECC3E100B88CE6 /* HierarchyListPracticeView.swift in Sources */,
			);
			runOnlyForDeploymentPostprocessing = 0;
		};
		A5357DC827EAF1A20076D070 /* Sources */ = {
			isa = PBXSourcesBuildPhase;
			buildActionMask = 2147483647;
			files = (
				A5357DD227EAF1A20076D070 /* ContentView.swift in Sources */,
				A5357DD027EAF1A20076D070 /* SwiftUI_PracticeApp.swift in Sources */,
			);
			runOnlyForDeploymentPostprocessing = 0;
		};
		A5357DF927EAF1D50076D070 /* Sources */ = {
			isa = PBXSourcesBuildPhase;
			buildActionMask = 2147483647;
			files = (
				A5357E2827EAF2340076D070 /* SecondView.swift in Sources */,
				A5357E0227EAF1D50076D070 /* FirstView.swift in Sources */,
				A5357E0027EAF1D50076D070 /* LifeCyclePracticeApp.swift in Sources */,
			);
			runOnlyForDeploymentPostprocessing = 0;
		};
		A57BB83627EAF61800C0046D /* Sources */ = {
			isa = PBXSourcesBuildPhase;
			buildActionMask = 2147483647;
			files = (
				A57BB84B27EB01E200C0046D /* OverlayPracticeView.swift in Sources */,
				A57BB84927EAFCE400C0046D /* ZStackPracticeView.swift in Sources */,
				A57BB83F27EAF61800C0046D /* LazyStackPracticeView.swift in Sources */,
				A57BB83D27EAF61800C0046D /* LazyStackPracticeApp.swift in Sources */,
			);
			runOnlyForDeploymentPostprocessing = 0;
		};
		A57BB84C27EB08CD00C0046D /* Sources */ = {
			isa = PBXSourcesBuildPhase;
			buildActionMask = 2147483647;
			files = (
				A57BB85527EB08CE00C0046D /* NavigationPracticeView.swift in Sources */,
				A57BB85327EB08CE00C0046D /* NavigationPracticeApp.swift in Sources */,
				A57BB85F27EB0BB200C0046D /* NavigationDestinationView.swift in Sources */,
			);
			runOnlyForDeploymentPostprocessing = 0;
		};
		A5EA1ED527EB57A40007B0F1 /* Sources */ = {
			isa = PBXSourcesBuildPhase;
			buildActionMask = 2147483647;
			files = (
				A5EA1EE827EB57FD0007B0F1 /* DataRepository.swift in Sources */,
				A5EA1EEE27EB5D780007B0F1 /* TodoDetailView.swift in Sources */,
				A5EA1EDE27EB57A40007B0F1 /* AsyncAwaitPracticeView.swift in Sources */,
				A5EA1EDC27EB57A40007B0F1 /* AsyncAwaitPracticeApp.swift in Sources */,
				A5EA1EEC27EB5B180007B0F1 /* TodoViewModel.swift in Sources */,
				A5EA1EEA27EB598B0007B0F1 /* Todo.swift in Sources */,
			);
			runOnlyForDeploymentPostprocessing = 0;
		};
/* End PBXSourcesBuildPhase section */

/* Begin XCBuildConfiguration section */
		A50CB3F527EC96AF008FB2C5 /* Debug */ = {
			isa = XCBuildConfiguration;
			buildSettings = {
				ASSETCATALOG_COMPILER_APPICON_NAME = AppIcon;
				ASSETCATALOG_COMPILER_GLOBAL_ACCENT_COLOR_NAME = AccentColor;
				CODE_SIGN_STYLE = Automatic;
				CURRENT_PROJECT_VERSION = 1;
				DEVELOPMENT_ASSET_PATHS = "\"TabViewPractice/Preview Content\"";
				DEVELOPMENT_TEAM = GTB6BR222W;
				ENABLE_PREVIEWS = YES;
				GENERATE_INFOPLIST_FILE = YES;
				INFOPLIST_KEY_UIApplicationSceneManifest_Generation = YES;
				INFOPLIST_KEY_UIApplicationSupportsIndirectInputEvents = YES;
				INFOPLIST_KEY_UILaunchScreen_Generation = YES;
				INFOPLIST_KEY_UISupportedInterfaceOrientations_iPad = "UIInterfaceOrientationPortrait UIInterfaceOrientationPortraitUpsideDown UIInterfaceOrientationLandscapeLeft UIInterfaceOrientationLandscapeRight";
				INFOPLIST_KEY_UISupportedInterfaceOrientations_iPhone = "UIInterfaceOrientationPortrait UIInterfaceOrientationLandscapeLeft UIInterfaceOrientationLandscapeRight";
				LD_RUNPATH_SEARCH_PATHS = (
					"$(inherited)",
					"@executable_path/Frameworks",
				);
				MARKETING_VERSION = 1.0;
				PRODUCT_BUNDLE_IDENTIFIER = com.Harry.TabViewPractice;
				PRODUCT_NAME = "$(TARGET_NAME)";
				SWIFT_EMIT_LOC_STRINGS = YES;
				SWIFT_VERSION = 5.0;
				TARGETED_DEVICE_FAMILY = "1,2";
			};
			name = Debug;
		};
		A50CB3F627EC96AF008FB2C5 /* Release */ = {
			isa = XCBuildConfiguration;
			buildSettings = {
				ASSETCATALOG_COMPILER_APPICON_NAME = AppIcon;
				ASSETCATALOG_COMPILER_GLOBAL_ACCENT_COLOR_NAME = AccentColor;
				CODE_SIGN_STYLE = Automatic;
				CURRENT_PROJECT_VERSION = 1;
				DEVELOPMENT_ASSET_PATHS = "\"TabViewPractice/Preview Content\"";
				DEVELOPMENT_TEAM = GTB6BR222W;
				ENABLE_PREVIEWS = YES;
				GENERATE_INFOPLIST_FILE = YES;
				INFOPLIST_KEY_UIApplicationSceneManifest_Generation = YES;
				INFOPLIST_KEY_UIApplicationSupportsIndirectInputEvents = YES;
				INFOPLIST_KEY_UILaunchScreen_Generation = YES;
				INFOPLIST_KEY_UISupportedInterfaceOrientations_iPad = "UIInterfaceOrientationPortrait UIInterfaceOrientationPortraitUpsideDown UIInterfaceOrientationLandscapeLeft UIInterfaceOrientationLandscapeRight";
				INFOPLIST_KEY_UISupportedInterfaceOrientations_iPhone = "UIInterfaceOrientationPortrait UIInterfaceOrientationLandscapeLeft UIInterfaceOrientationLandscapeRight";
				LD_RUNPATH_SEARCH_PATHS = (
					"$(inherited)",
					"@executable_path/Frameworks",
				);
				MARKETING_VERSION = 1.0;
				PRODUCT_BUNDLE_IDENTIFIER = com.Harry.TabViewPractice;
				PRODUCT_NAME = "$(TARGET_NAME)";
				SWIFT_EMIT_LOC_STRINGS = YES;
				SWIFT_VERSION = 5.0;
				TARGETED_DEVICE_FAMILY = "1,2";
			};
			name = Release;
		};
		A50CB40827EC9DCE008FB2C5 /* Debug */ = {
			isa = XCBuildConfiguration;
			buildSettings = {
				ALLOW_TARGET_PLATFORM_SPECIALIZATION = YES;
				ASSETCATALOG_COMPILER_APPICON_NAME = AppIcon;
				ASSETCATALOG_COMPILER_GLOBAL_ACCENT_COLOR_NAME = AccentColor;
				CODE_SIGN_STYLE = Automatic;
				CURRENT_PROJECT_VERSION = 1;
				DEVELOPMENT_ASSET_PATHS = "\"ContainerPractice/Preview Content\"";
				DEVELOPMENT_TEAM = GTB6BR222W;
				ENABLE_PREVIEWS = YES;
				GENERATE_INFOPLIST_FILE = YES;
				INFOPLIST_KEY_UIApplicationSceneManifest_Generation = YES;
				INFOPLIST_KEY_UIApplicationSupportsIndirectInputEvents = YES;
				INFOPLIST_KEY_UILaunchScreen_Generation = YES;
				INFOPLIST_KEY_UISupportedInterfaceOrientations_iPad = "UIInterfaceOrientationPortrait UIInterfaceOrientationPortraitUpsideDown UIInterfaceOrientationLandscapeLeft UIInterfaceOrientationLandscapeRight";
				INFOPLIST_KEY_UISupportedInterfaceOrientations_iPhone = "UIInterfaceOrientationPortrait UIInterfaceOrientationLandscapeLeft UIInterfaceOrientationLandscapeRight";
				LD_RUNPATH_SEARCH_PATHS = (
					"$(inherited)",
					"@executable_path/Frameworks",
				);
				MARKETING_VERSION = 1.0;
				PRODUCT_BUNDLE_IDENTIFIER = com.Harry.ContainerPractice;
				PRODUCT_NAME = "$(TARGET_NAME)";
				SUPPORTED_PLATFORMS = "iphonesimulator iphoneos";
				SUPPORTS_MACCATALYST = YES;
				SWIFT_EMIT_LOC_STRINGS = YES;
				SWIFT_VERSION = 5.0;
				TARGETED_DEVICE_FAMILY = "1,2";
			};
			name = Debug;
		};
		A50CB40927EC9DCE008FB2C5 /* Release */ = {
			isa = XCBuildConfiguration;
			buildSettings = {
				ALLOW_TARGET_PLATFORM_SPECIALIZATION = YES;
				ASSETCATALOG_COMPILER_APPICON_NAME = AppIcon;
				ASSETCATALOG_COMPILER_GLOBAL_ACCENT_COLOR_NAME = AccentColor;
				CODE_SIGN_STYLE = Automatic;
				CURRENT_PROJECT_VERSION = 1;
				DEVELOPMENT_ASSET_PATHS = "\"ContainerPractice/Preview Content\"";
				DEVELOPMENT_TEAM = GTB6BR222W;
				ENABLE_PREVIEWS = YES;
				GENERATE_INFOPLIST_FILE = YES;
				INFOPLIST_KEY_UIApplicationSceneManifest_Generation = YES;
				INFOPLIST_KEY_UIApplicationSupportsIndirectInputEvents = YES;
				INFOPLIST_KEY_UILaunchScreen_Generation = YES;
				INFOPLIST_KEY_UISupportedInterfaceOrientations_iPad = "UIInterfaceOrientationPortrait UIInterfaceOrientationPortraitUpsideDown UIInterfaceOrientationLandscapeLeft UIInterfaceOrientationLandscapeRight";
				INFOPLIST_KEY_UISupportedInterfaceOrientations_iPhone = "UIInterfaceOrientationPortrait UIInterfaceOrientationLandscapeLeft UIInterfaceOrientationLandscapeRight";
				LD_RUNPATH_SEARCH_PATHS = (
					"$(inherited)",
					"@executable_path/Frameworks",
				);
				MARKETING_VERSION = 1.0;
				PRODUCT_BUNDLE_IDENTIFIER = com.Harry.ContainerPractice;
				PRODUCT_NAME = "$(TARGET_NAME)";
				SUPPORTED_PLATFORMS = "iphonesimulator iphoneos";
				SUPPORTS_MACCATALYST = YES;
				SWIFT_EMIT_LOC_STRINGS = YES;
				SWIFT_VERSION = 5.0;
				TARGETED_DEVICE_FAMILY = "1,2";
			};
			name = Release;
		};
		A5357DEE27EAF1A20076D070 /* Debug */ = {
			isa = XCBuildConfiguration;
			buildSettings = {
				ALWAYS_SEARCH_USER_PATHS = NO;
				CLANG_ANALYZER_NONNULL = YES;
				CLANG_ANALYZER_NUMBER_OBJECT_CONVERSION = YES_AGGRESSIVE;
				CLANG_CXX_LANGUAGE_STANDARD = "gnu++17";
				CLANG_CXX_LIBRARY = "libc++";
				CLANG_ENABLE_MODULES = YES;
				CLANG_ENABLE_OBJC_ARC = YES;
				CLANG_ENABLE_OBJC_WEAK = YES;
				CLANG_WARN_BLOCK_CAPTURE_AUTORELEASING = YES;
				CLANG_WARN_BOOL_CONVERSION = YES;
				CLANG_WARN_COMMA = YES;
				CLANG_WARN_CONSTANT_CONVERSION = YES;
				CLANG_WARN_DEPRECATED_OBJC_IMPLEMENTATIONS = YES;
				CLANG_WARN_DIRECT_OBJC_ISA_USAGE = YES_ERROR;
				CLANG_WARN_DOCUMENTATION_COMMENTS = YES;
				CLANG_WARN_EMPTY_BODY = YES;
				CLANG_WARN_ENUM_CONVERSION = YES;
				CLANG_WARN_INFINITE_RECURSION = YES;
				CLANG_WARN_INT_CONVERSION = YES;
				CLANG_WARN_NON_LITERAL_NULL_CONVERSION = YES;
				CLANG_WARN_OBJC_IMPLICIT_RETAIN_SELF = YES;
				CLANG_WARN_OBJC_LITERAL_CONVERSION = YES;
				CLANG_WARN_OBJC_ROOT_CLASS = YES_ERROR;
				CLANG_WARN_QUOTED_INCLUDE_IN_FRAMEWORK_HEADER = YES;
				CLANG_WARN_RANGE_LOOP_ANALYSIS = YES;
				CLANG_WARN_STRICT_PROTOTYPES = YES;
				CLANG_WARN_SUSPICIOUS_MOVE = YES;
				CLANG_WARN_UNGUARDED_AVAILABILITY = YES_AGGRESSIVE;
				CLANG_WARN_UNREACHABLE_CODE = YES;
				CLANG_WARN__DUPLICATE_METHOD_MATCH = YES;
				COPY_PHASE_STRIP = NO;
				DEBUG_INFORMATION_FORMAT = dwarf;
				ENABLE_STRICT_OBJC_MSGSEND = YES;
				ENABLE_TESTABILITY = YES;
				GCC_C_LANGUAGE_STANDARD = gnu11;
				GCC_DYNAMIC_NO_PIC = NO;
				GCC_NO_COMMON_BLOCKS = YES;
				GCC_OPTIMIZATION_LEVEL = 0;
				GCC_PREPROCESSOR_DEFINITIONS = (
					"DEBUG=1",
					"$(inherited)",
				);
				GCC_WARN_64_TO_32_BIT_CONVERSION = YES;
				GCC_WARN_ABOUT_RETURN_TYPE = YES_ERROR;
				GCC_WARN_UNDECLARED_SELECTOR = YES;
				GCC_WARN_UNINITIALIZED_AUTOS = YES_AGGRESSIVE;
				GCC_WARN_UNUSED_FUNCTION = YES;
				GCC_WARN_UNUSED_VARIABLE = YES;
				IPHONEOS_DEPLOYMENT_TARGET = 15.2;
				MTL_ENABLE_DEBUG_INFO = INCLUDE_SOURCE;
				MTL_FAST_MATH = YES;
				ONLY_ACTIVE_ARCH = YES;
				SDKROOT = iphoneos;
				SWIFT_ACTIVE_COMPILATION_CONDITIONS = DEBUG;
				SWIFT_OPTIMIZATION_LEVEL = "-Onone";
			};
			name = Debug;
		};
		A5357DEF27EAF1A20076D070 /* Release */ = {
			isa = XCBuildConfiguration;
			buildSettings = {
				ALWAYS_SEARCH_USER_PATHS = NO;
				CLANG_ANALYZER_NONNULL = YES;
				CLANG_ANALYZER_NUMBER_OBJECT_CONVERSION = YES_AGGRESSIVE;
				CLANG_CXX_LANGUAGE_STANDARD = "gnu++17";
				CLANG_CXX_LIBRARY = "libc++";
				CLANG_ENABLE_MODULES = YES;
				CLANG_ENABLE_OBJC_ARC = YES;
				CLANG_ENABLE_OBJC_WEAK = YES;
				CLANG_WARN_BLOCK_CAPTURE_AUTORELEASING = YES;
				CLANG_WARN_BOOL_CONVERSION = YES;
				CLANG_WARN_COMMA = YES;
				CLANG_WARN_CONSTANT_CONVERSION = YES;
				CLANG_WARN_DEPRECATED_OBJC_IMPLEMENTATIONS = YES;
				CLANG_WARN_DIRECT_OBJC_ISA_USAGE = YES_ERROR;
				CLANG_WARN_DOCUMENTATION_COMMENTS = YES;
				CLANG_WARN_EMPTY_BODY = YES;
				CLANG_WARN_ENUM_CONVERSION = YES;
				CLANG_WARN_INFINITE_RECURSION = YES;
				CLANG_WARN_INT_CONVERSION = YES;
				CLANG_WARN_NON_LITERAL_NULL_CONVERSION = YES;
				CLANG_WARN_OBJC_IMPLICIT_RETAIN_SELF = YES;
				CLANG_WARN_OBJC_LITERAL_CONVERSION = YES;
				CLANG_WARN_OBJC_ROOT_CLASS = YES_ERROR;
				CLANG_WARN_QUOTED_INCLUDE_IN_FRAMEWORK_HEADER = YES;
				CLANG_WARN_RANGE_LOOP_ANALYSIS = YES;
				CLANG_WARN_STRICT_PROTOTYPES = YES;
				CLANG_WARN_SUSPICIOUS_MOVE = YES;
				CLANG_WARN_UNGUARDED_AVAILABILITY = YES_AGGRESSIVE;
				CLANG_WARN_UNREACHABLE_CODE = YES;
				CLANG_WARN__DUPLICATE_METHOD_MATCH = YES;
				COPY_PHASE_STRIP = NO;
				DEBUG_INFORMATION_FORMAT = "dwarf-with-dsym";
				ENABLE_NS_ASSERTIONS = NO;
				ENABLE_STRICT_OBJC_MSGSEND = YES;
				GCC_C_LANGUAGE_STANDARD = gnu11;
				GCC_NO_COMMON_BLOCKS = YES;
				GCC_WARN_64_TO_32_BIT_CONVERSION = YES;
				GCC_WARN_ABOUT_RETURN_TYPE = YES_ERROR;
				GCC_WARN_UNDECLARED_SELECTOR = YES;
				GCC_WARN_UNINITIALIZED_AUTOS = YES_AGGRESSIVE;
				GCC_WARN_UNUSED_FUNCTION = YES;
				GCC_WARN_UNUSED_VARIABLE = YES;
				IPHONEOS_DEPLOYMENT_TARGET = 15.2;
				MTL_ENABLE_DEBUG_INFO = NO;
				MTL_FAST_MATH = YES;
				SDKROOT = iphoneos;
				SWIFT_COMPILATION_MODE = wholemodule;
				SWIFT_OPTIMIZATION_LEVEL = "-O";
				VALIDATE_PRODUCT = YES;
			};
			name = Release;
		};
		A5357DF127EAF1A20076D070 /* Debug */ = {
			isa = XCBuildConfiguration;
			buildSettings = {
				ASSETCATALOG_COMPILER_APPICON_NAME = AppIcon;
				ASSETCATALOG_COMPILER_GLOBAL_ACCENT_COLOR_NAME = AccentColor;
				CODE_SIGN_STYLE = Automatic;
				CURRENT_PROJECT_VERSION = 1;
				DEVELOPMENT_ASSET_PATHS = "\"SwiftUI Practice/Preview Content\"";
				DEVELOPMENT_TEAM = GTB6BR222W;
				ENABLE_PREVIEWS = YES;
				GENERATE_INFOPLIST_FILE = YES;
				INFOPLIST_KEY_UIApplicationSceneManifest_Generation = YES;
				INFOPLIST_KEY_UIApplicationSupportsIndirectInputEvents = YES;
				INFOPLIST_KEY_UILaunchScreen_Generation = YES;
				INFOPLIST_KEY_UISupportedInterfaceOrientations_iPad = "UIInterfaceOrientationPortrait UIInterfaceOrientationPortraitUpsideDown UIInterfaceOrientationLandscapeLeft UIInterfaceOrientationLandscapeRight";
				INFOPLIST_KEY_UISupportedInterfaceOrientations_iPhone = "UIInterfaceOrientationPortrait UIInterfaceOrientationLandscapeLeft UIInterfaceOrientationLandscapeRight";
				LD_RUNPATH_SEARCH_PATHS = (
					"$(inherited)",
					"@executable_path/Frameworks",
				);
				MARKETING_VERSION = 1.0;
				PRODUCT_BUNDLE_IDENTIFIER = "com.Harry.SwiftUI-Practice";
				PRODUCT_NAME = "$(TARGET_NAME)";
				SWIFT_EMIT_LOC_STRINGS = YES;
				SWIFT_VERSION = 5.0;
				TARGETED_DEVICE_FAMILY = "1,2";
			};
			name = Debug;
		};
		A5357DF227EAF1A20076D070 /* Release */ = {
			isa = XCBuildConfiguration;
			buildSettings = {
				ASSETCATALOG_COMPILER_APPICON_NAME = AppIcon;
				ASSETCATALOG_COMPILER_GLOBAL_ACCENT_COLOR_NAME = AccentColor;
				CODE_SIGN_STYLE = Automatic;
				CURRENT_PROJECT_VERSION = 1;
				DEVELOPMENT_ASSET_PATHS = "\"SwiftUI Practice/Preview Content\"";
				DEVELOPMENT_TEAM = GTB6BR222W;
				ENABLE_PREVIEWS = YES;
				GENERATE_INFOPLIST_FILE = YES;
				INFOPLIST_KEY_UIApplicationSceneManifest_Generation = YES;
				INFOPLIST_KEY_UIApplicationSupportsIndirectInputEvents = YES;
				INFOPLIST_KEY_UILaunchScreen_Generation = YES;
				INFOPLIST_KEY_UISupportedInterfaceOrientations_iPad = "UIInterfaceOrientationPortrait UIInterfaceOrientationPortraitUpsideDown UIInterfaceOrientationLandscapeLeft UIInterfaceOrientationLandscapeRight";
				INFOPLIST_KEY_UISupportedInterfaceOrientations_iPhone = "UIInterfaceOrientationPortrait UIInterfaceOrientationLandscapeLeft UIInterfaceOrientationLandscapeRight";
				LD_RUNPATH_SEARCH_PATHS = (
					"$(inherited)",
					"@executable_path/Frameworks",
				);
				MARKETING_VERSION = 1.0;
				PRODUCT_BUNDLE_IDENTIFIER = "com.Harry.SwiftUI-Practice";
				PRODUCT_NAME = "$(TARGET_NAME)";
				SWIFT_EMIT_LOC_STRINGS = YES;
				SWIFT_VERSION = 5.0;
				TARGETED_DEVICE_FAMILY = "1,2";
			};
			name = Release;
		};
		A5357E1F27EAF1D60076D070 /* Debug */ = {
			isa = XCBuildConfiguration;
			buildSettings = {
				ASSETCATALOG_COMPILER_APPICON_NAME = AppIcon;
				ASSETCATALOG_COMPILER_GLOBAL_ACCENT_COLOR_NAME = AccentColor;
				CODE_SIGN_STYLE = Automatic;
				CURRENT_PROJECT_VERSION = 1;
				DEVELOPMENT_ASSET_PATHS = "\"LifeCyclePractice/Preview Content\"";
				DEVELOPMENT_TEAM = GTB6BR222W;
				ENABLE_PREVIEWS = YES;
				GENERATE_INFOPLIST_FILE = YES;
				INFOPLIST_KEY_UIApplicationSceneManifest_Generation = YES;
				INFOPLIST_KEY_UIApplicationSupportsIndirectInputEvents = YES;
				INFOPLIST_KEY_UILaunchScreen_Generation = YES;
				INFOPLIST_KEY_UISupportedInterfaceOrientations_iPad = "UIInterfaceOrientationPortrait UIInterfaceOrientationPortraitUpsideDown UIInterfaceOrientationLandscapeLeft UIInterfaceOrientationLandscapeRight";
				INFOPLIST_KEY_UISupportedInterfaceOrientations_iPhone = "UIInterfaceOrientationPortrait UIInterfaceOrientationLandscapeLeft UIInterfaceOrientationLandscapeRight";
				LD_RUNPATH_SEARCH_PATHS = (
					"$(inherited)",
					"@executable_path/Frameworks",
				);
				MARKETING_VERSION = 1.0;
				PRODUCT_BUNDLE_IDENTIFIER = com.Harry.LifeCyclePractice;
				PRODUCT_NAME = "$(TARGET_NAME)";
				SWIFT_EMIT_LOC_STRINGS = YES;
				SWIFT_VERSION = 5.0;
				TARGETED_DEVICE_FAMILY = "1,2";
			};
			name = Debug;
		};
		A5357E2027EAF1D60076D070 /* Release */ = {
			isa = XCBuildConfiguration;
			buildSettings = {
				ASSETCATALOG_COMPILER_APPICON_NAME = AppIcon;
				ASSETCATALOG_COMPILER_GLOBAL_ACCENT_COLOR_NAME = AccentColor;
				CODE_SIGN_STYLE = Automatic;
				CURRENT_PROJECT_VERSION = 1;
				DEVELOPMENT_ASSET_PATHS = "\"LifeCyclePractice/Preview Content\"";
				DEVELOPMENT_TEAM = GTB6BR222W;
				ENABLE_PREVIEWS = YES;
				GENERATE_INFOPLIST_FILE = YES;
				INFOPLIST_KEY_UIApplicationSceneManifest_Generation = YES;
				INFOPLIST_KEY_UIApplicationSupportsIndirectInputEvents = YES;
				INFOPLIST_KEY_UILaunchScreen_Generation = YES;
				INFOPLIST_KEY_UISupportedInterfaceOrientations_iPad = "UIInterfaceOrientationPortrait UIInterfaceOrientationPortraitUpsideDown UIInterfaceOrientationLandscapeLeft UIInterfaceOrientationLandscapeRight";
				INFOPLIST_KEY_UISupportedInterfaceOrientations_iPhone = "UIInterfaceOrientationPortrait UIInterfaceOrientationLandscapeLeft UIInterfaceOrientationLandscapeRight";
				LD_RUNPATH_SEARCH_PATHS = (
					"$(inherited)",
					"@executable_path/Frameworks",
				);
				MARKETING_VERSION = 1.0;
				PRODUCT_BUNDLE_IDENTIFIER = com.Harry.LifeCyclePractice;
				PRODUCT_NAME = "$(TARGET_NAME)";
				SWIFT_EMIT_LOC_STRINGS = YES;
				SWIFT_VERSION = 5.0;
				TARGETED_DEVICE_FAMILY = "1,2";
			};
			name = Release;
		};
		A57BB84627EAF61900C0046D /* Debug */ = {
			isa = XCBuildConfiguration;
			buildSettings = {
				ASSETCATALOG_COMPILER_APPICON_NAME = AppIcon;
				ASSETCATALOG_COMPILER_GLOBAL_ACCENT_COLOR_NAME = AccentColor;
				CODE_SIGN_STYLE = Automatic;
				CURRENT_PROJECT_VERSION = 1;
				DEVELOPMENT_ASSET_PATHS = "\"StackPractice/Preview Content\"";
				DEVELOPMENT_TEAM = GTB6BR222W;
				ENABLE_PREVIEWS = YES;
				GENERATE_INFOPLIST_FILE = YES;
				INFOPLIST_KEY_UIApplicationSceneManifest_Generation = YES;
				INFOPLIST_KEY_UIApplicationSupportsIndirectInputEvents = YES;
				INFOPLIST_KEY_UILaunchScreen_Generation = YES;
				INFOPLIST_KEY_UISupportedInterfaceOrientations_iPad = "UIInterfaceOrientationPortrait UIInterfaceOrientationPortraitUpsideDown UIInterfaceOrientationLandscapeLeft UIInterfaceOrientationLandscapeRight";
				INFOPLIST_KEY_UISupportedInterfaceOrientations_iPhone = "UIInterfaceOrientationPortrait UIInterfaceOrientationLandscapeLeft UIInterfaceOrientationLandscapeRight";
				LD_RUNPATH_SEARCH_PATHS = (
					"$(inherited)",
					"@executable_path/Frameworks",
				);
				MARKETING_VERSION = 1.0;
				PRODUCT_BUNDLE_IDENTIFIER = com.Harry.LazyStackPractice;
				PRODUCT_NAME = "$(TARGET_NAME)";
				SWIFT_EMIT_LOC_STRINGS = YES;
				SWIFT_VERSION = 5.0;
				TARGETED_DEVICE_FAMILY = "1,2";
			};
			name = Debug;
		};
		A57BB84727EAF61900C0046D /* Release */ = {
			isa = XCBuildConfiguration;
			buildSettings = {
				ASSETCATALOG_COMPILER_APPICON_NAME = AppIcon;
				ASSETCATALOG_COMPILER_GLOBAL_ACCENT_COLOR_NAME = AccentColor;
				CODE_SIGN_STYLE = Automatic;
				CURRENT_PROJECT_VERSION = 1;
				DEVELOPMENT_ASSET_PATHS = "\"StackPractice/Preview Content\"";
				DEVELOPMENT_TEAM = GTB6BR222W;
				ENABLE_PREVIEWS = YES;
				GENERATE_INFOPLIST_FILE = YES;
				INFOPLIST_KEY_UIApplicationSceneManifest_Generation = YES;
				INFOPLIST_KEY_UIApplicationSupportsIndirectInputEvents = YES;
				INFOPLIST_KEY_UILaunchScreen_Generation = YES;
				INFOPLIST_KEY_UISupportedInterfaceOrientations_iPad = "UIInterfaceOrientationPortrait UIInterfaceOrientationPortraitUpsideDown UIInterfaceOrientationLandscapeLeft UIInterfaceOrientationLandscapeRight";
				INFOPLIST_KEY_UISupportedInterfaceOrientations_iPhone = "UIInterfaceOrientationPortrait UIInterfaceOrientationLandscapeLeft UIInterfaceOrientationLandscapeRight";
				LD_RUNPATH_SEARCH_PATHS = (
					"$(inherited)",
					"@executable_path/Frameworks",
				);
				MARKETING_VERSION = 1.0;
				PRODUCT_BUNDLE_IDENTIFIER = com.Harry.LazyStackPractice;
				PRODUCT_NAME = "$(TARGET_NAME)";
				SWIFT_EMIT_LOC_STRINGS = YES;
				SWIFT_VERSION = 5.0;
				TARGETED_DEVICE_FAMILY = "1,2";
			};
			name = Release;
		};
		A57BB85C27EB08CE00C0046D /* Debug */ = {
			isa = XCBuildConfiguration;
			buildSettings = {
				ASSETCATALOG_COMPILER_APPICON_NAME = AppIcon;
				ASSETCATALOG_COMPILER_GLOBAL_ACCENT_COLOR_NAME = AccentColor;
				CODE_SIGN_STYLE = Automatic;
				CURRENT_PROJECT_VERSION = 1;
				DEVELOPMENT_ASSET_PATHS = "\"NavigationPractice/Preview Content\"";
				DEVELOPMENT_TEAM = GTB6BR222W;
				ENABLE_PREVIEWS = YES;
				GENERATE_INFOPLIST_FILE = YES;
				INFOPLIST_KEY_UIApplicationSceneManifest_Generation = YES;
				INFOPLIST_KEY_UIApplicationSupportsIndirectInputEvents = YES;
				INFOPLIST_KEY_UILaunchScreen_Generation = YES;
				INFOPLIST_KEY_UISupportedInterfaceOrientations_iPad = "UIInterfaceOrientationPortrait UIInterfaceOrientationPortraitUpsideDown UIInterfaceOrientationLandscapeLeft UIInterfaceOrientationLandscapeRight";
				INFOPLIST_KEY_UISupportedInterfaceOrientations_iPhone = "UIInterfaceOrientationPortrait UIInterfaceOrientationLandscapeLeft UIInterfaceOrientationLandscapeRight";
				LD_RUNPATH_SEARCH_PATHS = (
					"$(inherited)",
					"@executable_path/Frameworks",
				);
				MARKETING_VERSION = 1.0;
				PRODUCT_BUNDLE_IDENTIFIER = com.Harry.NavigationPractice;
				PRODUCT_NAME = "$(TARGET_NAME)";
				SWIFT_EMIT_LOC_STRINGS = YES;
				SWIFT_VERSION = 5.0;
				TARGETED_DEVICE_FAMILY = "1,2";
			};
			name = Debug;
		};
		A57BB85D27EB08CE00C0046D /* Release */ = {
			isa = XCBuildConfiguration;
			buildSettings = {
				ASSETCATALOG_COMPILER_APPICON_NAME = AppIcon;
				ASSETCATALOG_COMPILER_GLOBAL_ACCENT_COLOR_NAME = AccentColor;
				CODE_SIGN_STYLE = Automatic;
				CURRENT_PROJECT_VERSION = 1;
				DEVELOPMENT_ASSET_PATHS = "\"NavigationPractice/Preview Content\"";
				DEVELOPMENT_TEAM = GTB6BR222W;
				ENABLE_PREVIEWS = YES;
				GENERATE_INFOPLIST_FILE = YES;
				INFOPLIST_KEY_UIApplicationSceneManifest_Generation = YES;
				INFOPLIST_KEY_UIApplicationSupportsIndirectInputEvents = YES;
				INFOPLIST_KEY_UILaunchScreen_Generation = YES;
				INFOPLIST_KEY_UISupportedInterfaceOrientations_iPad = "UIInterfaceOrientationPortrait UIInterfaceOrientationPortraitUpsideDown UIInterfaceOrientationLandscapeLeft UIInterfaceOrientationLandscapeRight";
				INFOPLIST_KEY_UISupportedInterfaceOrientations_iPhone = "UIInterfaceOrientationPortrait UIInterfaceOrientationLandscapeLeft UIInterfaceOrientationLandscapeRight";
				LD_RUNPATH_SEARCH_PATHS = (
					"$(inherited)",
					"@executable_path/Frameworks",
				);
				MARKETING_VERSION = 1.0;
				PRODUCT_BUNDLE_IDENTIFIER = com.Harry.NavigationPractice;
				PRODUCT_NAME = "$(TARGET_NAME)";
				SWIFT_EMIT_LOC_STRINGS = YES;
				SWIFT_VERSION = 5.0;
				TARGETED_DEVICE_FAMILY = "1,2";
			};
			name = Release;
		};
		A5EA1EE427EB57A40007B0F1 /* Debug */ = {
			isa = XCBuildConfiguration;
			buildSettings = {
				ASSETCATALOG_COMPILER_APPICON_NAME = AppIcon;
				ASSETCATALOG_COMPILER_GLOBAL_ACCENT_COLOR_NAME = AccentColor;
				CODE_SIGN_STYLE = Automatic;
				CURRENT_PROJECT_VERSION = 1;
				DEVELOPMENT_ASSET_PATHS = "\"AsyncAwaitPractice/Preview Content\"";
				DEVELOPMENT_TEAM = GTB6BR222W;
				ENABLE_PREVIEWS = YES;
				GENERATE_INFOPLIST_FILE = YES;
				INFOPLIST_KEY_UIApplicationSceneManifest_Generation = YES;
				INFOPLIST_KEY_UIApplicationSupportsIndirectInputEvents = YES;
				INFOPLIST_KEY_UILaunchScreen_Generation = YES;
				INFOPLIST_KEY_UISupportedInterfaceOrientations_iPad = "UIInterfaceOrientationPortrait UIInterfaceOrientationPortraitUpsideDown UIInterfaceOrientationLandscapeLeft UIInterfaceOrientationLandscapeRight";
				INFOPLIST_KEY_UISupportedInterfaceOrientations_iPhone = "UIInterfaceOrientationPortrait UIInterfaceOrientationLandscapeLeft UIInterfaceOrientationLandscapeRight";
				LD_RUNPATH_SEARCH_PATHS = (
					"$(inherited)",
					"@executable_path/Frameworks",
				);
				MARKETING_VERSION = 1.0;
				PRODUCT_BUNDLE_IDENTIFIER = com.Harry.AsyncAwaitPractice;
				PRODUCT_NAME = "$(TARGET_NAME)";
				SWIFT_EMIT_LOC_STRINGS = YES;
				SWIFT_VERSION = 5.0;
				TARGETED_DEVICE_FAMILY = "1,2";
			};
			name = Debug;
		};
		A5EA1EE527EB57A40007B0F1 /* Release */ = {
			isa = XCBuildConfiguration;
			buildSettings = {
				ASSETCATALOG_COMPILER_APPICON_NAME = AppIcon;
				ASSETCATALOG_COMPILER_GLOBAL_ACCENT_COLOR_NAME = AccentColor;
				CODE_SIGN_STYLE = Automatic;
				CURRENT_PROJECT_VERSION = 1;
				DEVELOPMENT_ASSET_PATHS = "\"AsyncAwaitPractice/Preview Content\"";
				DEVELOPMENT_TEAM = GTB6BR222W;
				ENABLE_PREVIEWS = YES;
				GENERATE_INFOPLIST_FILE = YES;
				INFOPLIST_KEY_UIApplicationSceneManifest_Generation = YES;
				INFOPLIST_KEY_UIApplicationSupportsIndirectInputEvents = YES;
				INFOPLIST_KEY_UILaunchScreen_Generation = YES;
				INFOPLIST_KEY_UISupportedInterfaceOrientations_iPad = "UIInterfaceOrientationPortrait UIInterfaceOrientationPortraitUpsideDown UIInterfaceOrientationLandscapeLeft UIInterfaceOrientationLandscapeRight";
				INFOPLIST_KEY_UISupportedInterfaceOrientations_iPhone = "UIInterfaceOrientationPortrait UIInterfaceOrientationLandscapeLeft UIInterfaceOrientationLandscapeRight";
				LD_RUNPATH_SEARCH_PATHS = (
					"$(inherited)",
					"@executable_path/Frameworks",
				);
				MARKETING_VERSION = 1.0;
				PRODUCT_BUNDLE_IDENTIFIER = com.Harry.AsyncAwaitPractice;
				PRODUCT_NAME = "$(TARGET_NAME)";
				SWIFT_EMIT_LOC_STRINGS = YES;
				SWIFT_VERSION = 5.0;
				TARGETED_DEVICE_FAMILY = "1,2";
			};
			name = Release;
		};
/* End XCBuildConfiguration section */

/* Begin XCConfigurationList section */
		A50CB3F727EC96AF008FB2C5 /* Build configuration list for PBXNativeTarget "TabViewPractice" */ = {
			isa = XCConfigurationList;
			buildConfigurations = (
				A50CB3F527EC96AF008FB2C5 /* Debug */,
				A50CB3F627EC96AF008FB2C5 /* Release */,
			);
			defaultConfigurationIsVisible = 0;
			defaultConfigurationName = Release;
		};
		A50CB40727EC9DCE008FB2C5 /* Build configuration list for PBXNativeTarget "ContainerPractice" */ = {
			isa = XCConfigurationList;
			buildConfigurations = (
				A50CB40827EC9DCE008FB2C5 /* Debug */,
				A50CB40927EC9DCE008FB2C5 /* Release */,
			);
			defaultConfigurationIsVisible = 0;
			defaultConfigurationName = Release;
		};
		A5357DC727EAF1A20076D070 /* Build configuration list for PBXProject "SwiftUI Practice" */ = {
			isa = XCConfigurationList;
			buildConfigurations = (
				A5357DEE27EAF1A20076D070 /* Debug */,
				A5357DEF27EAF1A20076D070 /* Release */,
			);
			defaultConfigurationIsVisible = 0;
			defaultConfigurationName = Release;
		};
		A5357DF027EAF1A20076D070 /* Build configuration list for PBXNativeTarget "SwiftUI Practice" */ = {
			isa = XCConfigurationList;
			buildConfigurations = (
				A5357DF127EAF1A20076D070 /* Debug */,
				A5357DF227EAF1A20076D070 /* Release */,
			);
			defaultConfigurationIsVisible = 0;
			defaultConfigurationName = Release;
		};
		A5357E1E27EAF1D60076D070 /* Build configuration list for PBXNativeTarget "LifeCyclePractice" */ = {
			isa = XCConfigurationList;
			buildConfigurations = (
				A5357E1F27EAF1D60076D070 /* Debug */,
				A5357E2027EAF1D60076D070 /* Release */,
			);
			defaultConfigurationIsVisible = 0;
			defaultConfigurationName = Release;
		};
		A57BB84527EAF61900C0046D /* Build configuration list for PBXNativeTarget "StackPractice" */ = {
			isa = XCConfigurationList;
			buildConfigurations = (
				A57BB84627EAF61900C0046D /* Debug */,
				A57BB84727EAF61900C0046D /* Release */,
			);
			defaultConfigurationIsVisible = 0;
			defaultConfigurationName = Release;
		};
		A57BB85B27EB08CE00C0046D /* Build configuration list for PBXNativeTarget "NavigationPractice" */ = {
			isa = XCConfigurationList;
			buildConfigurations = (
				A57BB85C27EB08CE00C0046D /* Debug */,
				A57BB85D27EB08CE00C0046D /* Release */,
			);
			defaultConfigurationIsVisible = 0;
			defaultConfigurationName = Release;
		};
		A5EA1EE627EB57A40007B0F1 /* Build configuration list for PBXNativeTarget "AsyncAwaitPractice" */ = {
			isa = XCConfigurationList;
			buildConfigurations = (
				A5EA1EE427EB57A40007B0F1 /* Debug */,
				A5EA1EE527EB57A40007B0F1 /* Release */,
			);
			defaultConfigurationIsVisible = 0;
			defaultConfigurationName = Release;
		};
/* End XCConfigurationList section */
	};
	rootObject = A5357DC427EAF1A20076D070 /* Project object */;
}
